
Microsoft Visual Studio Solution File, Format Version 12.00
# Visual Studio 15
VisualStudioVersion = 15.0.27703.2026
MinimumVisualStudioVersion = 10.0.40219.1
Project("{FAE04EC0-301F-11D3-BF4B-00C04F79EFBC}") = "Capstone6", "Capstone6\Capstone6.csproj", "{AC307A24-F7E2-450A-A3B5-D7C73F46C19C}"
EndProject
Global
	GlobalSection(SolutionConfigurationPlatforms) = preSolution
		Debug|Any CPU = Debug|Any CPU
		Release|Any CPU = Release|Any CPU
	EndGlobalSection
	GlobalSection(ProjectConfigurationPlatforms) = postSolution
		{AC307A24-F7E2-450A-A3B5-D7C73F46C19C}.Debug|Any CPU.ActiveCfg = Debug|Any CPU
		{AC307A24-F7E2-450A-A3B5-D7C73F46C19C}.Debug|Any CPU.Build.0 = Debug|Any CPU
		{AC307A24-F7E2-450A-A3B5-D7C73F46C19C}.Release|Any CPU.ActiveCfg = Release|Any CPU
		{AC307A24-F7E2-450A-A3B5-D7C73F46C19C}.Release|Any CPU.Build.0 = Release|Any CPU
	EndGlobalSection
	GlobalSection(SolutionProperties) = preSolution
		HideSolutionNode = FALSE
	EndGlobalSection
	GlobalSection(ExtensibilityGlobals) = postSolution
		SolutionGuid = {8A1E6B7B-3F28-4279-94CF-6D5ABFA755C4}
	EndGlobalSection
EndGlobal
